// !$*UTF8*$!
{
	archiveVersion = 1;
	classes = {
	};
	objectVersion = 50;
	objects = {

/* Begin PBXBuildFile section */
		652DEAFA2384BBEB003B1645 /* AppDelegate.swift in Sources */ = {isa = PBXBuildFile; fileRef = 652DEAF92384BBEB003B1645 /* AppDelegate.swift */; };
		652DEAFC2384BBEB003B1645 /* SceneDelegate.swift in Sources */ = {isa = PBXBuildFile; fileRef = 652DEAFB2384BBEB003B1645 /* SceneDelegate.swift */; };
		652DEAFE2384BBEB003B1645 /* ViewController.swift in Sources */ = {isa = PBXBuildFile; fileRef = 652DEAFD2384BBEB003B1645 /* ViewController.swift */; };
		652DEB012384BBEB003B1645 /* Main.storyboard in Resources */ = {isa = PBXBuildFile; fileRef = 652DEAFF2384BBEB003B1645 /* Main.storyboard */; };
		652DEB032384BBF1003B1645 /* Assets.xcassets in Resources */ = {isa = PBXBuildFile; fileRef = 652DEB022384BBF1003B1645 /* Assets.xcassets */; };
		652DEB062384BBF1003B1645 /* LaunchScreen.storyboard in Resources */ = {isa = PBXBuildFile; fileRef = 652DEB042384BBF1003B1645 /* LaunchScreen.storyboard */; };
/* End PBXBuildFile section */

/* Begin PBXFileReference section */
		652DEAF62384BBEB003B1645 /* desafio_punkAPI.app */ = {isa = PBXFileReference; explicitFileType = wrapper.application; includeInIndex = 0; path = desafio_punkAPI.app; sourceTree = BUILT_PRODUCTS_DIR; };
		652DEAF92384BBEB003B1645 /* AppDelegate.swift */ = {isa = PBXFileReference; lastKnownFileType = sourcecode.swift; path = AppDelegate.swift; sourceTree = "<group>"; };
		652DEAFB2384BBEB003B1645 /* SceneDelegate.swift */ = {isa = PBXFileReference; lastKnownFileType = sourcecode.swift; path = SceneDelegate.swift; sourceTree = "<group>"; };
		652DEAFD2384BBEB003B1645 /* ViewController.swift */ = {isa = PBXFileReference; lastKnownFileType = sourcecode.swift; path = ViewController.swift; sourceTree = "<group>"; };
		652DEB002384BBEB003B1645 /* Base */ = {isa = PBXFileReference; lastKnownFileType = file.storyboard; name = Base; path = Base.lproj/Main.storyboard; sourceTree = "<group>"; };
		652DEB022384BBF1003B1645 /* Assets.xcassets */ = {isa = PBXFileReference; lastKnownFileType = folder.assetcatalog; path = Assets.xcassets; sourceTree = "<group>"; };
		652DEB052384BBF1003B1645 /* Base */ = {isa = PBXFileReference; lastKnownFileType = file.storyboard; name = Base; path = Base.lproj/LaunchScreen.storyboard; sourceTree = "<group>"; };
		652DEB072384BBF1003B1645 /* Info.plist */ = {isa = PBXFileReference; lastKnownFileType = text.plist.xml; path = Info.plist; sourceTree = "<group>"; };
/* End PBXFileReference section */

/* Begin PBXFrameworksBuildPhase section */
		652DEAF32384BBEB003B1645 /* Frameworks */ = {
			isa = PBXFrameworksBuildPhase;
			buildActionMask = 2147483647;
			files = (
			);
			runOnlyForDeploymentPostprocessing = 0;
		};
/* End PBXFrameworksBuildPhase section */

/* Begin PBXGroup section */
		652DEAED2384BBEB003B1645 = {
			isa = PBXGroup;
			children = (
				652DEAF82384BBEB003B1645 /* desafio_punkAPI */,
				652DEAF72384BBEB003B1645 /* Products */,
			);
			sourceTree = "<group>";
		};
		652DEAF72384BBEB003B1645 /* Products */ = {
			isa = PBXGroup;
			children = (
				652DEAF62384BBEB003B1645 /* desafio_punkAPI.app */,
			);
			name = Products;
			sourceTree = "<group>";
		};
		652DEAF82384BBEB003B1645 /* desafio_punkAPI */ = {
			isa = PBXGroup;
			children = (
				652DEAF92384BBEB003B1645 /* AppDelegate.swift */,
				652DEAFB2384BBEB003B1645 /* SceneDelegate.swift */,
				652DEAFD2384BBEB003B1645 /* ViewController.swift */,
				652DEAFF2384BBEB003B1645 /* Main.storyboard */,
				652DEB022384BBF1003B1645 /* Assets.xcassets */,
				652DEB042384BBF1003B1645 /* LaunchScreen.storyboard */,
				652DEB072384BBF1003B1645 /* Info.plist */,
			);
			path = desafio_punkAPI;
			sourceTree = "<group>";
		};
/* End PBXGroup section */

/* Begin PBXNativeTarget section */
		652DEAF52384BBEB003B1645 /* desafio_punkAPI */ = {
			isa = PBXNativeTarget;
			buildConfigurationList = 652DEB0A2384BBF1003B1645 /* Build configuration list for PBXNativeTarget "desafio_punkAPI" */;
			buildPhases = (
				652DEAF22384BBEB003B1645 /* Sources */,
				652DEAF32384BBEB003B1645 /* Frameworks */,
				652DEAF42384BBEB003B1645 /* Resources */,
			);
			buildRules = (
			);
			dependencies = (
			);
			name = desafio_punkAPI;
			productName = desafio_punkAPI;
			productReference = 652DEAF62384BBEB003B1645 /* desafio_punkAPI.app */;
			productType = "com.apple.product-type.application";
		};
/* End PBXNativeTarget section */

/* Begin PBXProject section */
		652DEAEE2384BBEB003B1645 /* Project object */ = {
			isa = PBXProject;
			attributes = {
				LastSwiftUpdateCheck = 1120;
				LastUpgradeCheck = 1120;
				ORGANIZATIONNAME = WeslleyQ;
				TargetAttributes = {
					652DEAF52384BBEB003B1645 = {
						CreatedOnToolsVersion = 11.2;
					};
				};
			};
			buildConfigurationList = 652DEAF12384BBEB003B1645 /* Build configuration list for PBXProject "desafio_punkAPI" */;
			compatibilityVersion = "Xcode 9.3";
			developmentRegion = en;
			hasScannedForEncodings = 0;
			knownRegions = (
				en,
				Base,
			);
			mainGroup = 652DEAED2384BBEB003B1645;
			productRefGroup = 652DEAF72384BBEB003B1645 /* Products */;
			projectDirPath = "";
			projectRoot = "";
			targets = (
				652DEAF52384BBEB003B1645 /* desafio_punkAPI */,
			);
		};
/* End PBXProject section */

/* Begin PBXResourcesBuildPhase section */
		652DEAF42384BBEB003B1645 /* Resources */ = {
			isa = PBXResourcesBuildPhase;
			buildActionMask = 2147483647;
			files = (
				652DEB062384BBF1003B1645 /* LaunchScreen.storyboard in Resources */,
				652DEB032384BBF1003B1645 /* Assets.xcassets in Resources */,
				652DEB012384BBEB003B1645 /* Main.storyboard in Resources */,
			);
			runOnlyForDeploymentPostprocessing = 0;
		};
/* End PBXResourcesBuildPhase section */

/* Begin PBXSourcesBuildPhase section */
		652DEAF22384BBEB003B1645 /* Sources */ = {
			isa = PBXSourcesBuildPhase;
			buildActionMask = 2147483647;
			files = (
				652DEAFE2384BBEB003B1645 /* ViewController.swift in Sources */,
				652DEAFA2384BBEB003B1645 /* AppDelegate.swift in Sources */,
				652DEAFC2384BBEB003B1645 /* SceneDelegate.swift in Sources */,
			);
			runOnlyForDeploymentPostprocessing = 0;
		};
/* End PBXSourcesBuildPhase section */

/* Begin PBXVariantGroup section */
		652DEAFF2384BBEB003B1645 /* Main.storyboard */ = {
			isa = PBXVariantGroup;
			children = (
				652DEB002384BBEB003B1645 /* Base */,
			);
			name = Main.storyboard;
			sourceTree = "<group>";
		};
		652DEB042384BBF1003B1645 /* LaunchScreen.storyboard */ = {
			isa = PBXVariantGroup;
			children = (
				652DEB052384BBF1003B1645 /* Base */,
			);
			name = LaunchScreen.storyboard;
			sourceTree = "<group>";
		};
/* End PBXVariantGroup section */

/* Begin XCBuildConfiguration section */
		652DEB082384BBF1003B1645 /* Debug */ = {
			isa = XCBuildConfiguration;
			buildSettings = {
				ALWAYS_SEARCH_USER_PATHS = NO;
				CLANG_ANALYZER_NONNULL = YES;
				CLANG_ANALYZER_NUMBER_OBJECT_CONVERSION = YES_AGGRESSIVE;
				CLANG_CXX_LANGUAGE_STANDARD = "gnu++14";
				CLANG_CXX_LIBRARY = "libc++";
				CLANG_ENABLE_MODULES = YES;
				CLANG_ENABLE_OBJC_ARC = YES;
				CLANG_ENABLE_OBJC_WEAK = YES;
				CLANG_WARN_BLOCK_CAPTURE_AUTORELEASING = YES;
				CLANG_WARN_BOOL_CONVERSION = YES;
				CLANG_WARN_COMMA = YES;
				CLANG_WARN_CONSTANT_CONVERSION = YES;
				CLANG_WARN_DEPRECATED_OBJC_IMPLEMENTATIONS = YES;
				CLANG_WARN_DIRECT_OBJC_ISA_USAGE = YES_ERROR;
				CLANG_WARN_DOCUMENTATION_COMMENTS = YES;
				CLANG_WARN_EMPTY_BODY = YES;
				CLANG_WARN_ENUM_CONVERSION = YES;
				CLANG_WARN_INFINITE_RECURSION = YES;
				CLANG_WARN_INT_CONVERSION = YES;
				CLANG_WARN_NON_LITERAL_NULL_CONVERSION = YES;
				CLANG_WARN_OBJC_IMPLICIT_RETAIN_SELF = YES;
				CLANG_WARN_OBJC_LITERAL_CONVERSION = YES;
				CLANG_WARN_OBJC_ROOT_CLASS = YES_ERROR;
				CLANG_WARN_RANGE_LOOP_ANALYSIS = YES;
				CLANG_WARN_STRICT_PROTOTYPES = YES;
				CLANG_WARN_SUSPICIOUS_MOVE = YES;
				CLANG_WARN_UNGUARDED_AVAILABILITY = YES_AGGRESSIVE;
				CLANG_WARN_UNREACHABLE_CODE = YES;
				CLANG_WARN__DUPLICATE_METHOD_MATCH = YES;
				COPY_PHASE_STRIP = NO;
				DEBUG_INFORMATION_FORMAT = dwarf;
				ENABLE_STRICT_OBJC_MSGSEND = YES;
				ENABLE_TESTABILITY = YES;
				GCC_C_LANGUAGE_STANDARD = gnu11;
				GCC_DYNAMIC_NO_PIC = NO;
				GCC_NO_COMMON_BLOCKS = YES;
				GCC_OPTIMIZATION_LEVEL = 0;
				GCC_PREPROCESSOR_DEFINITIONS = (
					"DEBUG=1",
					"$(inherited)",
				);
				GCC_WARN_64_TO_32_BIT_CONVERSION = YES;
				GCC_WARN_ABOUT_RETURN_TYPE = YES_ERROR;
				GCC_WARN_UNDECLARED_SELECTOR = YES;
				GCC_WARN_UNINITIALIZED_AUTOS = YES_AGGRESSIVE;
				GCC_WARN_UNUSED_FUNCTION = YES;
				GCC_WARN_UNUSED_VARIABLE = YES;
				IPHONEOS_DEPLOYMENT_TARGET = 13.2;
				MTL_ENABLE_DEBUG_INFO = INCLUDE_SOURCE;
				MTL_FAST_MATH = YES;
				ONLY_ACTIVE_ARCH = YES;
				SDKROOT = iphoneos;
				SWIFT_ACTIVE_COMPILATION_CONDITIONS = DEBUG;
				SWIFT_OPTIMIZATION_LEVEL = "-Onone";
			};
			name = Debug;
		};
		652DEB092384BBF1003B1645 /* Release */ = {
			isa = XCBuildConfiguration;
			buildSettings = {
				ALWAYS_SEARCH_USER_PATHS = NO;
				CLANG_ANALYZER_NONNULL = YES;
				CLANG_ANALYZER_NUMBER_OBJECT_CONVERSION = YES_AGGRESSIVE;
				CLANG_CXX_LANGUAGE_STANDARD = "gnu++14";
				CLANG_CXX_LIBRARY = "libc++";
				CLANG_ENABLE_MODULES = YES;
				CLANG_ENABLE_OBJC_ARC = YES;
				CLANG_ENABLE_OBJC_WEAK = YES;
				CLANG_WARN_BLOCK_CAPTURE_AUTORELEASING = YES;
				CLANG_WARN_BOOL_CONVERSION = YES;
				CLANG_WARN_COMMA = YES;
				CLANG_WARN_CONSTANT_CONVERSION = YES;
				CLANG_WARN_DEPRECATED_OBJC_IMPLEMENTATIONS = YES;
				CLANG_WARN_DIRECT_OBJC_ISA_USAGE = YES_ERROR;
				CLANG_WARN_DOCUMENTATION_COMMENTS = YES;
				CLANG_WARN_EMPTY_BODY = YES;
				CLANG_WARN_ENUM_CONVERSION = YES;
				CLANG_WARN_INFINITE_RECURSION = YES;
				CLANG_WARN_INT_CONVERSION = YES;
				CLANG_WARN_NON_LITERAL_NULL_CONVERSION = YES;
				CLANG_WARN_OBJC_IMPLICIT_RETAIN_SELF = YES;
				CLANG_WARN_OBJC_LITERAL_CONVERSION = YES;
				CLANG_WARN_OBJC_ROOT_CLASS = YES_ERROR;
				CLANG_WARN_RANGE_LOOP_ANALYSIS = YES;
				CLANG_WARN_STRICT_PROTOTYPES = YES;
				CLANG_WARN_SUSPICIOUS_MOVE = YES;
				CLANG_WARN_UNGUARDED_AVAILABILITY = YES_AGGRESSIVE;
				CLANG_WARN_UNREACHABLE_CODE = YES;
				CLANG_WARN__DUPLICATE_METHOD_MATCH = YES;
				COPY_PHASE_STRIP = NO;
				DEBUG_INFORMATION_FORMAT = "dwarf-with-dsym";
				ENABLE_NS_ASSERTIONS = NO;
				ENABLE_STRICT_OBJC_MSGSEND = YES;
				GCC_C_LANGUAGE_STANDARD = gnu11;
				GCC_NO_COMMON_BLOCKS = YES;
				GCC_WARN_64_TO_32_BIT_CONVERSION = YES;
				GCC_WARN_ABOUT_RETURN_TYPE = YES_ERROR;
				GCC_WARN_UNDECLARED_SELECTOR = YES;
				GCC_WARN_UNINITIALIZED_AUTOS = YES_AGGRESSIVE;
				GCC_WARN_UNUSED_FUNCTION = YES;
				GCC_WARN_UNUSED_VARIABLE = YES;
				IPHONEOS_DEPLOYMENT_TARGET = 13.2;
				MTL_ENABLE_DEBUG_INFO = NO;
				MTL_FAST_MATH = YES;
				SDKROOT = iphoneos;
				SWIFT_COMPILATION_MODE = wholemodule;
				SWIFT_OPTIMIZATION_LEVEL = "-O";
				VALIDATE_PRODUCT = YES;
			};
			name = Release;
		};
		652DEB0B2384BBF1003B1645 /* Debug */ = {
			isa = XCBuildConfiguration;
			buildSettings = {
				ASSETCATALOG_COMPILER_APPICON_NAME = AppIcon;
				CODE_SIGN_STYLE = Automatic;
				DEVELOPMENT_TEAM = 395HQL23FJ;
				INFOPLIST_FILE = desafio_punkAPI/Info.plist;
				LD_RUNPATH_SEARCH_PATHS = (
					"$(inherited)",
					"@executable_path/Frameworks",
				);
				PRODUCT_BUNDLE_IDENTIFIER = "br.com.punkapi.test.desafio-punkAPI";
				PRODUCT_NAME = "$(TARGET_NAME)";
				SWIFT_VERSION = 5.0;
				TARGETED_DEVICE_FAMILY = "1,2";
			};
			name = Debug;
		};
		652DEB0C2384BBF1003B1645 /* Release */ = {
			isa = XCBuildConfiguration;
			buildSettings = {
				ASSETCATALOG_COMPILER_APPICON_NAME = AppIcon;
				CODE_SIGN_STYLE = Automatic;
				DEVELOPMENT_TEAM = 395HQL23FJ;
				INFOPLIST_FILE = desafio_punkAPI/Info.plist;
				LD_RUNPATH_SEARCH_PATHS = (
					"$(inherited)",
					"@executable_path/Frameworks",
				);
				PRODUCT_BUNDLE_IDENTIFIER = "br.com.punkapi.test.desafio-punkAPI";
				PRODUCT_NAME = "$(TARGET_NAME)";
				SWIFT_VERSION = 5.0;
				TARGETED_DEVICE_FAMILY = "1,2";
			};
			name = Release;
		};
/* End XCBuildConfiguration section */

/* Begin XCConfigurationList section */
		652DEAF12384BBEB003B1645 /* Build configuration list for PBXProject "desafio_punkAPI" */ = {
			isa = XCConfigurationList;
			buildConfigurations = (
				652DEB082384BBF1003B1645 /* Debug */,
				652DEB092384BBF1003B1645 /* Release */,
			);
			defaultConfigurationIsVisible = 0;
			defaultConfigurationName = Release;
		};
		652DEB0A2384BBF1003B1645 /* Build configuration list for PBXNativeTarget "desafio_punkAPI" */ = {
			isa = XCConfigurationList;
			buildConfigurations = (
				652DEB0B2384BBF1003B1645 /* Debug */,
				652DEB0C2384BBF1003B1645 /* Release */,
			);
			defaultConfigurationIsVisible = 0;
			defaultConfigurationName = Release;
		};
/* End XCConfigurationList section */
	};
	rootObject = 652DEAEE2384BBEB003B1645 /* Project object */;
}
